// !$*UTF8*$!
{
	archiveVersion = 1;
	classes = {
	};
	objectVersion = 50;
	objects = {

/* Begin PBXBuildFile section */
		5A1502952427A30400E83104 /* GFItemInfoVC.swift in Sources */ = {isa = PBXBuildFile; fileRef = 5A1502942427A30400E83104 /* GFItemInfoVC.swift */; };
		5A1502972427E12400E83104 /* GFRepoItemVC.swift in Sources */ = {isa = PBXBuildFile; fileRef = 5A1502962427E12400E83104 /* GFRepoItemVC.swift */; };
		5A1502992427E45B00E83104 /* GFFollowerItemVC.swift in Sources */ = {isa = PBXBuildFile; fileRef = 5A1502982427E45B00E83104 /* GFFollowerItemVC.swift */; };
		5A15029C2427F83900E83104 /* Date+Ext.swift in Sources */ = {isa = PBXBuildFile; fileRef = 5A15029B2427F83900E83104 /* Date+Ext.swift */; };
		5A15029E2427F8E600E83104 /* String+Ext.swift in Sources */ = {isa = PBXBuildFile; fileRef = 5A15029D2427F8E600E83104 /* String+Ext.swift */; };
		5A1502A024292F8F00E83104 /* PersistenceManager.swift in Sources */ = {isa = PBXBuildFile; fileRef = 5A15029F24292F8F00E83104 /* PersistenceManager.swift */; };
		5A1502AA2432165900E83104 /* FavoriteCell.swift in Sources */ = {isa = PBXBuildFile; fileRef = 5A1502A92432165900E83104 /* FavoriteCell.swift */; };
		5A210CD723EAEEA400A22BF4 /* AppDelegate.swift in Sources */ = {isa = PBXBuildFile; fileRef = 5A210CD623EAEEA400A22BF4 /* AppDelegate.swift */; };
		5A210CD923EAEEA400A22BF4 /* SceneDelegate.swift in Sources */ = {isa = PBXBuildFile; fileRef = 5A210CD823EAEEA400A22BF4 /* SceneDelegate.swift */; };
		5A210CE023EAEEA700A22BF4 /* Assets.xcassets in Resources */ = {isa = PBXBuildFile; fileRef = 5A210CDF23EAEEA700A22BF4 /* Assets.xcassets */; };
		5A210CE323EAEEA700A22BF4 /* LaunchScreen.storyboard in Resources */ = {isa = PBXBuildFile; fileRef = 5A210CE123EAEEA700A22BF4 /* LaunchScreen.storyboard */; };
		5A210CEB23EAF94100A22BF4 /* SearchVC.swift in Sources */ = {isa = PBXBuildFile; fileRef = 5A210CEA23EAF94100A22BF4 /* SearchVC.swift */; };
		5A210CED23EAF96D00A22BF4 /* FavoritesListVC.swift in Sources */ = {isa = PBXBuildFile; fileRef = 5A210CEC23EAF96D00A22BF4 /* FavoritesListVC.swift */; };
		5A210CEF23EB2B3F00A22BF4 /* GFButton.swift in Sources */ = {isa = PBXBuildFile; fileRef = 5A210CEE23EB2B3F00A22BF4 /* GFButton.swift */; };
		5A210CF123EB303C00A22BF4 /* GFTextField.swift in Sources */ = {isa = PBXBuildFile; fileRef = 5A210CF023EB303C00A22BF4 /* GFTextField.swift */; };
		5A210CF323EB509500A22BF4 /* FollowerListVC.swift in Sources */ = {isa = PBXBuildFile; fileRef = 5A210CF223EB509500A22BF4 /* FollowerListVC.swift */; };
		5A210CF523ECAB7000A22BF4 /* GFTitleLabel.swift in Sources */ = {isa = PBXBuildFile; fileRef = 5A210CF423ECAB7000A22BF4 /* GFTitleLabel.swift */; };
		5A210CF723ED72B000A22BF4 /* GFBodyLabel.swift in Sources */ = {isa = PBXBuildFile; fileRef = 5A210CF623ED72B000A22BF4 /* GFBodyLabel.swift */; };
		5A210CF923ED73E700A22BF4 /* GFAlertVC.swift in Sources */ = {isa = PBXBuildFile; fileRef = 5A210CF823ED73E700A22BF4 /* GFAlertVC.swift */; };
		5A210CFB23ED8CC700A22BF4 /* UIViewController+Ext.swift in Sources */ = {isa = PBXBuildFile; fileRef = 5A210CFA23ED8CC700A22BF4 /* UIViewController+Ext.swift */; };
		5A210D0023EDA3F200A22BF4 /* SearchVC+Ext.swift in Sources */ = {isa = PBXBuildFile; fileRef = 5A210CFF23EDA3F100A22BF4 /* SearchVC+Ext.swift */; };
		5A210D0523EDAB2C00A22BF4 /* GFContrainerView.swift in Sources */ = {isa = PBXBuildFile; fileRef = 5A210D0423EDAB2C00A22BF4 /* GFContrainerView.swift */; };
		5A210D0823EDB0E100A22BF4 /* Follower.swift in Sources */ = {isa = PBXBuildFile; fileRef = 5A210D0723EDB0E100A22BF4 /* Follower.swift */; };
		5A210D0A23EDB1A500A22BF4 /* User.swift in Sources */ = {isa = PBXBuildFile; fileRef = 5A210D0923EDB1A500A22BF4 /* User.swift */; };
		5A210D0D23EDE08100A22BF4 /* NetworkManager.swift in Sources */ = {isa = PBXBuildFile; fileRef = 5A210D0C23EDE08100A22BF4 /* NetworkManager.swift */; };
		5A210D5323F1900600A22BF4 /* FollowerCell.swift in Sources */ = {isa = PBXBuildFile; fileRef = 5A210D5223F1900600A22BF4 /* FollowerCell.swift */; };
		5A210D5523F1915400A22BF4 /* GFAvataImageView.swift in Sources */ = {isa = PBXBuildFile; fileRef = 5A210D5423F1915400A22BF4 /* GFAvataImageView.swift */; };
		5A792AE8241B8E5A00DC06CD /* GFEmptyStateView.swift in Sources */ = {isa = PBXBuildFile; fileRef = 5A792AE7241B8E5A00DC06CD /* GFEmptyStateView.swift */; };
		5A792AEA2421228400DC06CD /* UserInfoVC.swift in Sources */ = {isa = PBXBuildFile; fileRef = 5A792AE92421228400DC06CD /* UserInfoVC.swift */; };
		5A792AEC2421833B00DC06CD /* GFError.swift in Sources */ = {isa = PBXBuildFile; fileRef = 5A792AEB2421833B00DC06CD /* GFError.swift */; };
		5A792AEE24225D5600DC06CD /* GFUserInfoHeaderVC.swift in Sources */ = {isa = PBXBuildFile; fileRef = 5A792AED24225D5600DC06CD /* GFUserInfoHeaderVC.swift */; };
		5A792AF024225DF000DC06CD /* GFSecondaryTitleLabel.swift in Sources */ = {isa = PBXBuildFile; fileRef = 5A792AEF24225DF000DC06CD /* GFSecondaryTitleLabel.swift */; };
		5A792AF22423F16700DC06CD /* Constants.swift in Sources */ = {isa = PBXBuildFile; fileRef = 5A792AF12423F16700DC06CD /* Constants.swift */; };
		5A792AF4242686F300DC06CD /* GFItemInfoView.swift in Sources */ = {isa = PBXBuildFile; fileRef = 5A792AF3242686F300DC06CD /* GFItemInfoView.swift */; };
		5AAB6DD923F2E8870064E5FB /* UIHelper.swift in Sources */ = {isa = PBXBuildFile; fileRef = 5AAB6DD823F2E8870064E5FB /* UIHelper.swift */; };
		5AED0D812435FC5E00CE47F0 /* GFTabBarController.swift in Sources */ = {isa = PBXBuildFile; fileRef = 5AED0D802435FC5E00CE47F0 /* GFTabBarController.swift */; };
/* End PBXBuildFile section */

/* Begin PBXFileReference section */
		5A1502942427A30400E83104 /* GFItemInfoVC.swift */ = {isa = PBXFileReference; lastKnownFileType = sourcecode.swift; path = GFItemInfoVC.swift; sourceTree = "<group>"; };
		5A1502962427E12400E83104 /* GFRepoItemVC.swift */ = {isa = PBXFileReference; lastKnownFileType = sourcecode.swift; path = GFRepoItemVC.swift; sourceTree = "<group>"; };
		5A1502982427E45B00E83104 /* GFFollowerItemVC.swift */ = {isa = PBXFileReference; lastKnownFileType = sourcecode.swift; path = GFFollowerItemVC.swift; sourceTree = "<group>"; };
		5A15029B2427F83900E83104 /* Date+Ext.swift */ = {isa = PBXFileReference; lastKnownFileType = sourcecode.swift; path = "Date+Ext.swift"; sourceTree = "<group>"; };
		5A15029D2427F8E600E83104 /* String+Ext.swift */ = {isa = PBXFileReference; lastKnownFileType = sourcecode.swift; path = "String+Ext.swift"; sourceTree = "<group>"; };
		5A15029F24292F8F00E83104 /* PersistenceManager.swift */ = {isa = PBXFileReference; lastKnownFileType = sourcecode.swift; path = PersistenceManager.swift; sourceTree = "<group>"; };
		5A1502A92432165900E83104 /* FavoriteCell.swift */ = {isa = PBXFileReference; lastKnownFileType = sourcecode.swift; path = FavoriteCell.swift; sourceTree = "<group>"; };
		5A210CD323EAEEA400A22BF4 /* GHFollowers.app */ = {isa = PBXFileReference; explicitFileType = wrapper.application; includeInIndex = 0; path = GHFollowers.app; sourceTree = BUILT_PRODUCTS_DIR; };
		5A210CD623EAEEA400A22BF4 /* AppDelegate.swift */ = {isa = PBXFileReference; lastKnownFileType = sourcecode.swift; path = AppDelegate.swift; sourceTree = "<group>"; };
		5A210CD823EAEEA400A22BF4 /* SceneDelegate.swift */ = {isa = PBXFileReference; lastKnownFileType = sourcecode.swift; path = SceneDelegate.swift; sourceTree = "<group>"; };
		5A210CDF23EAEEA700A22BF4 /* Assets.xcassets */ = {isa = PBXFileReference; lastKnownFileType = folder.assetcatalog; path = Assets.xcassets; sourceTree = "<group>"; };
		5A210CE223EAEEA700A22BF4 /* Base */ = {isa = PBXFileReference; lastKnownFileType = file.storyboard; name = Base; path = Base.lproj/LaunchScreen.storyboard; sourceTree = "<group>"; };
		5A210CE423EAEEA700A22BF4 /* Info.plist */ = {isa = PBXFileReference; lastKnownFileType = text.plist.xml; path = Info.plist; sourceTree = "<group>"; };
		5A210CEA23EAF94100A22BF4 /* SearchVC.swift */ = {isa = PBXFileReference; lastKnownFileType = sourcecode.swift; path = SearchVC.swift; sourceTree = "<group>"; };
		5A210CEC23EAF96D00A22BF4 /* FavoritesListVC.swift */ = {isa = PBXFileReference; lastKnownFileType = sourcecode.swift; path = FavoritesListVC.swift; sourceTree = "<group>"; };
		5A210CEE23EB2B3F00A22BF4 /* GFButton.swift */ = {isa = PBXFileReference; lastKnownFileType = sourcecode.swift; path = GFButton.swift; sourceTree = "<group>"; };
		5A210CF023EB303C00A22BF4 /* GFTextField.swift */ = {isa = PBXFileReference; lastKnownFileType = sourcecode.swift; path = GFTextField.swift; sourceTree = "<group>"; };
		5A210CF223EB509500A22BF4 /* FollowerListVC.swift */ = {isa = PBXFileReference; lastKnownFileType = sourcecode.swift; path = FollowerListVC.swift; sourceTree = "<group>"; };
		5A210CF423ECAB7000A22BF4 /* GFTitleLabel.swift */ = {isa = PBXFileReference; lastKnownFileType = sourcecode.swift; path = GFTitleLabel.swift; sourceTree = "<group>"; };
		5A210CF623ED72B000A22BF4 /* GFBodyLabel.swift */ = {isa = PBXFileReference; lastKnownFileType = sourcecode.swift; path = GFBodyLabel.swift; sourceTree = "<group>"; };
		5A210CF823ED73E700A22BF4 /* GFAlertVC.swift */ = {isa = PBXFileReference; lastKnownFileType = sourcecode.swift; path = GFAlertVC.swift; sourceTree = "<group>"; };
		5A210CFA23ED8CC700A22BF4 /* UIViewController+Ext.swift */ = {isa = PBXFileReference; lastKnownFileType = sourcecode.swift; path = "UIViewController+Ext.swift"; sourceTree = "<group>"; };
		5A210CFF23EDA3F100A22BF4 /* SearchVC+Ext.swift */ = {isa = PBXFileReference; lastKnownFileType = sourcecode.swift; path = "SearchVC+Ext.swift"; sourceTree = "<group>"; };
		5A210D0423EDAB2C00A22BF4 /* GFContrainerView.swift */ = {isa = PBXFileReference; lastKnownFileType = sourcecode.swift; path = GFContrainerView.swift; sourceTree = "<group>"; };
		5A210D0723EDB0E100A22BF4 /* Follower.swift */ = {isa = PBXFileReference; lastKnownFileType = sourcecode.swift; path = Follower.swift; sourceTree = "<group>"; };
		5A210D0923EDB1A500A22BF4 /* User.swift */ = {isa = PBXFileReference; lastKnownFileType = sourcecode.swift; path = User.swift; sourceTree = "<group>"; };
		5A210D0C23EDE08100A22BF4 /* NetworkManager.swift */ = {isa = PBXFileReference; lastKnownFileType = sourcecode.swift; path = NetworkManager.swift; sourceTree = "<group>"; };
		5A210D5223F1900600A22BF4 /* FollowerCell.swift */ = {isa = PBXFileReference; lastKnownFileType = sourcecode.swift; path = FollowerCell.swift; sourceTree = "<group>"; };
		5A210D5423F1915400A22BF4 /* GFAvataImageView.swift */ = {isa = PBXFileReference; lastKnownFileType = sourcecode.swift; path = GFAvataImageView.swift; sourceTree = "<group>"; };
		5A792AE7241B8E5A00DC06CD /* GFEmptyStateView.swift */ = {isa = PBXFileReference; lastKnownFileType = sourcecode.swift; path = GFEmptyStateView.swift; sourceTree = "<group>"; };
		5A792AE92421228400DC06CD /* UserInfoVC.swift */ = {isa = PBXFileReference; lastKnownFileType = sourcecode.swift; path = UserInfoVC.swift; sourceTree = "<group>"; };
		5A792AEB2421833B00DC06CD /* GFError.swift */ = {isa = PBXFileReference; lastKnownFileType = sourcecode.swift; path = GFError.swift; sourceTree = "<group>"; };
		5A792AED24225D5600DC06CD /* GFUserInfoHeaderVC.swift */ = {isa = PBXFileReference; lastKnownFileType = sourcecode.swift; path = GFUserInfoHeaderVC.swift; sourceTree = "<group>"; };
		5A792AEF24225DF000DC06CD /* GFSecondaryTitleLabel.swift */ = {isa = PBXFileReference; lastKnownFileType = sourcecode.swift; path = GFSecondaryTitleLabel.swift; sourceTree = "<group>"; };
		5A792AF12423F16700DC06CD /* Constants.swift */ = {isa = PBXFileReference; lastKnownFileType = sourcecode.swift; path = Constants.swift; sourceTree = "<group>"; };
		5A792AF3242686F300DC06CD /* GFItemInfoView.swift */ = {isa = PBXFileReference; lastKnownFileType = sourcecode.swift; path = GFItemInfoView.swift; sourceTree = "<group>"; };
		5AAB6DD823F2E8870064E5FB /* UIHelper.swift */ = {isa = PBXFileReference; lastKnownFileType = sourcecode.swift; path = UIHelper.swift; sourceTree = "<group>"; };
		5AED0D802435FC5E00CE47F0 /* GFTabBarController.swift */ = {isa = PBXFileReference; lastKnownFileType = sourcecode.swift; path = GFTabBarController.swift; sourceTree = "<group>"; };
/* End PBXFileReference section */

/* Begin PBXFrameworksBuildPhase section */
		5A210CD023EAEEA400A22BF4 /* Frameworks */ = {
			isa = PBXFrameworksBuildPhase;
			buildActionMask = 2147483647;
			files = (
			);
			runOnlyForDeploymentPostprocessing = 0;
		};
/* End PBXFrameworksBuildPhase section */

/* Begin PBXGroup section */
		5A15029A2427E4A500E83104 /* ItemInfoVCs */ = {
			isa = PBXGroup;
			children = (
				5A1502942427A30400E83104 /* GFItemInfoVC.swift */,
				5A1502962427E12400E83104 /* GFRepoItemVC.swift */,
				5A1502982427E45B00E83104 /* GFFollowerItemVC.swift */,
			);
			path = ItemInfoVCs;
			sourceTree = "<group>";
		};
		5A210CCA23EAEEA400A22BF4 = {
			isa = PBXGroup;
			children = (
				5A210CD523EAEEA400A22BF4 /* GHFollowers */,
				5A210CD423EAEEA400A22BF4 /* Products */,
			);
			sourceTree = "<group>";
		};
		5A210CD423EAEEA400A22BF4 /* Products */ = {
			isa = PBXGroup;
			children = (
				5A210CD323EAEEA400A22BF4 /* GHFollowers.app */,
			);
			name = Products;
			sourceTree = "<group>";
		};
		5A210CD523EAEEA400A22BF4 /* GHFollowers */ = {
			isa = PBXGroup;
			children = (
				5A210D0E23EF03F300A22BF4 /* Utilities */,
				5A210D0B23EDE06800A22BF4 /* Manager */,
				5A210D0623EDB0CF00A22BF4 /* Model */,
				5A210CFC23EDA29400A22BF4 /* Screens */,
				5A210CFD23EDA31700A22BF4 /* Custom Views */,
				5A210CFE23EDA33E00A22BF4 /* Extension */,
				5A210D0123EDA46300A22BF4 /* Support */,
			);
			path = GHFollowers;
			sourceTree = "<group>";
		};
		5A210CFC23EDA29400A22BF4 /* Screens */ = {
			isa = PBXGroup;
			children = (
				5A210CEA23EAF94100A22BF4 /* SearchVC.swift */,
				5A210CF223EB509500A22BF4 /* FollowerListVC.swift */,
				5A210CEC23EAF96D00A22BF4 /* FavoritesListVC.swift */,
				5A792AE92421228400DC06CD /* UserInfoVC.swift */,
			);
			path = Screens;
			sourceTree = "<group>";
		};
		5A210CFD23EDA31700A22BF4 /* Custom Views */ = {
			isa = PBXGroup;
			children = (
				5AED0D7F2435FC4200CE47F0 /* TabBarControllers */,
				5A792AE6241B8D2700DC06CD /* Labels */,
				5A792AE5241B8D1400DC06CD /* ViewControllers */,
				5A792AE4241B8D0B00DC06CD /* ImageViews */,
				5A792AE3241B8D0400DC06CD /* TextFields */,
				5A792AE2241B8CFF00DC06CD /* Buttons */,
				5A792AE1241B8CFA00DC06CD /* Views */,
				5A210D5123F18FE500A22BF4 /* Cells */,
			);
			path = "Custom Views";
			sourceTree = "<group>";
		};
		5A210CFE23EDA33E00A22BF4 /* Extension */ = {
			isa = PBXGroup;
			children = (
				5A210CFA23ED8CC700A22BF4 /* UIViewController+Ext.swift */,
				5A210CFF23EDA3F100A22BF4 /* SearchVC+Ext.swift */,
				5A15029B2427F83900E83104 /* Date+Ext.swift */,
				5A15029D2427F8E600E83104 /* String+Ext.swift */,
			);
			path = Extension;
			sourceTree = "<group>";
		};
		5A210D0123EDA46300A22BF4 /* Support */ = {
			isa = PBXGroup;
			children = (
				5A210CE423EAEEA700A22BF4 /* Info.plist */,
				5A210CD623EAEEA400A22BF4 /* AppDelegate.swift */,
				5A210CD823EAEEA400A22BF4 /* SceneDelegate.swift */,
				5A210CDF23EAEEA700A22BF4 /* Assets.xcassets */,
				5A210CE123EAEEA700A22BF4 /* LaunchScreen.storyboard */,
			);
			path = Support;
			sourceTree = "<group>";
		};
		5A210D0623EDB0CF00A22BF4 /* Model */ = {
			isa = PBXGroup;
			children = (
				5A210D0723EDB0E100A22BF4 /* Follower.swift */,
				5A210D0923EDB1A500A22BF4 /* User.swift */,
			);
			path = Model;
			sourceTree = "<group>";
		};
		5A210D0B23EDE06800A22BF4 /* Manager */ = {
			isa = PBXGroup;
			children = (
				5A210D0C23EDE08100A22BF4 /* NetworkManager.swift */,
				5A15029F24292F8F00E83104 /* PersistenceManager.swift */,
			);
			path = Manager;
			sourceTree = "<group>";
		};
		5A210D0E23EF03F300A22BF4 /* Utilities */ = {
			isa = PBXGroup;
			children = (
				5AAB6DD823F2E8870064E5FB /* UIHelper.swift */,
				5A792AEB2421833B00DC06CD /* GFError.swift */,
				5A792AF12423F16700DC06CD /* Constants.swift */,
			);
			path = Utilities;
			sourceTree = "<group>";
		};
		5A210D5123F18FE500A22BF4 /* Cells */ = {
			isa = PBXGroup;
			children = (
				5A210D5223F1900600A22BF4 /* FollowerCell.swift */,
				5A1502A92432165900E83104 /* FavoriteCell.swift */,
			);
			path = Cells;
			sourceTree = "<group>";
		};
		5A792AE1241B8CFA00DC06CD /* Views */ = {
			isa = PBXGroup;
			children = (
				5A210D0423EDAB2C00A22BF4 /* GFContrainerView.swift */,
				5A792AE7241B8E5A00DC06CD /* GFEmptyStateView.swift */,
				5A792AF3242686F300DC06CD /* GFItemInfoView.swift */,
			);
			path = Views;
			sourceTree = "<group>";
		};
		5A792AE2241B8CFF00DC06CD /* Buttons */ = {
			isa = PBXGroup;
			children = (
				5A210CEE23EB2B3F00A22BF4 /* GFButton.swift */,
			);
			path = Buttons;
			sourceTree = "<group>";
		};
		5A792AE3241B8D0400DC06CD /* TextFields */ = {
			isa = PBXGroup;
			children = (
				5A210CF023EB303C00A22BF4 /* GFTextField.swift */,
			);
			path = TextFields;
			sourceTree = "<group>";
		};
		5A792AE4241B8D0B00DC06CD /* ImageViews */ = {
			isa = PBXGroup;
			children = (
				5A210D5423F1915400A22BF4 /* GFAvataImageView.swift */,
			);
			path = ImageViews;
			sourceTree = "<group>";
		};
		5A792AE5241B8D1400DC06CD /* ViewControllers */ = {
			isa = PBXGroup;
			children = (
				5A15029A2427E4A500E83104 /* ItemInfoVCs */,
				5A210CF823ED73E700A22BF4 /* GFAlertVC.swift */,
				5A792AED24225D5600DC06CD /* GFUserInfoHeaderVC.swift */,
			);
			path = ViewControllers;
			sourceTree = "<group>";
		};
		5A792AE6241B8D2700DC06CD /* Labels */ = {
			isa = PBXGroup;
			children = (
				5A210CF423ECAB7000A22BF4 /* GFTitleLabel.swift */,
				5A210CF623ED72B000A22BF4 /* GFBodyLabel.swift */,
				5A792AEF24225DF000DC06CD /* GFSecondaryTitleLabel.swift */,
			);
			path = Labels;
			sourceTree = "<group>";
		};
		5AED0D7F2435FC4200CE47F0 /* TabBarControllers */ = {
			isa = PBXGroup;
			children = (
				5AED0D802435FC5E00CE47F0 /* GFTabBarController.swift */,
			);
			path = TabBarControllers;
			sourceTree = "<group>";
		};
/* End PBXGroup section */

/* Begin PBXNativeTarget section */
		5A210CD223EAEEA400A22BF4 /* GHFollowers */ = {
			isa = PBXNativeTarget;
			buildConfigurationList = 5A210CE723EAEEA700A22BF4 /* Build configuration list for PBXNativeTarget "GHFollowers" */;
			buildPhases = (
				5A210CCF23EAEEA400A22BF4 /* Sources */,
				5A210CD023EAEEA400A22BF4 /* Frameworks */,
				5A210CD123EAEEA400A22BF4 /* Resources */,
			);
			buildRules = (
			);
			dependencies = (
			);
			name = GHFollowers;
			productName = GHFollowers;
			productReference = 5A210CD323EAEEA400A22BF4 /* GHFollowers.app */;
			productType = "com.apple.product-type.application";
		};
/* End PBXNativeTarget section */

/* Begin PBXProject section */
		5A210CCB23EAEEA400A22BF4 /* Project object */ = {
			isa = PBXProject;
			attributes = {
				LastSwiftUpdateCheck = 1130;
				LastUpgradeCheck = 1130;
				ORGANIZATIONNAME = "Jakub Homik";
				TargetAttributes = {
					5A210CD223EAEEA400A22BF4 = {
						CreatedOnToolsVersion = 11.3.1;
					};
				};
			};
			buildConfigurationList = 5A210CCE23EAEEA400A22BF4 /* Build configuration list for PBXProject "GHFollowers" */;
			compatibilityVersion = "Xcode 9.3";
			developmentRegion = en;
			hasScannedForEncodings = 0;
			knownRegions = (
				en,
				Base,
			);
			mainGroup = 5A210CCA23EAEEA400A22BF4;
			productRefGroup = 5A210CD423EAEEA400A22BF4 /* Products */;
			projectDirPath = "";
			projectRoot = "";
			targets = (
				5A210CD223EAEEA400A22BF4 /* GHFollowers */,
			);
		};
/* End PBXProject section */

/* Begin PBXResourcesBuildPhase section */
		5A210CD123EAEEA400A22BF4 /* Resources */ = {
			isa = PBXResourcesBuildPhase;
			buildActionMask = 2147483647;
			files = (
				5A210CE323EAEEA700A22BF4 /* LaunchScreen.storyboard in Resources */,
				5A210CE023EAEEA700A22BF4 /* Assets.xcassets in Resources */,
			);
			runOnlyForDeploymentPostprocessing = 0;
		};
/* End PBXResourcesBuildPhase section */

/* Begin PBXSourcesBuildPhase section */
		5A210CCF23EAEEA400A22BF4 /* Sources */ = {
			isa = PBXSourcesBuildPhase;
			buildActionMask = 2147483647;
			files = (
				5A792AF22423F16700DC06CD /* Constants.swift in Sources */,
				5A210D0523EDAB2C00A22BF4 /* GFContrainerView.swift in Sources */,
				5A792AEC2421833B00DC06CD /* GFError.swift in Sources */,
				5A210D0823EDB0E100A22BF4 /* Follower.swift in Sources */,
				5AAB6DD923F2E8870064E5FB /* UIHelper.swift in Sources */,
				5A210D0023EDA3F200A22BF4 /* SearchVC+Ext.swift in Sources */,
				5A210CF123EB303C00A22BF4 /* GFTextField.swift in Sources */,
				5A210D0D23EDE08100A22BF4 /* NetworkManager.swift in Sources */,
				5A15029E2427F8E600E83104 /* String+Ext.swift in Sources */,
				5A792AF4242686F300DC06CD /* GFItemInfoView.swift in Sources */,
				5A15029C2427F83900E83104 /* Date+Ext.swift in Sources */,
				5A1502952427A30400E83104 /* GFItemInfoVC.swift in Sources */,
				5A210CED23EAF96D00A22BF4 /* FavoritesListVC.swift in Sources */,
				5A210CEF23EB2B3F00A22BF4 /* GFButton.swift in Sources */,
				5A1502972427E12400E83104 /* GFRepoItemVC.swift in Sources */,
				5A210D5523F1915400A22BF4 /* GFAvataImageView.swift in Sources */,
				5A210CFB23ED8CC700A22BF4 /* UIViewController+Ext.swift in Sources */,
				5A210CEB23EAF94100A22BF4 /* SearchVC.swift in Sources */,
				5A210D0A23EDB1A500A22BF4 /* User.swift in Sources */,
				5A1502A024292F8F00E83104 /* PersistenceManager.swift in Sources */,
				5A792AF024225DF000DC06CD /* GFSecondaryTitleLabel.swift in Sources */,
				5A210D5323F1900600A22BF4 /* FollowerCell.swift in Sources */,
				5AED0D812435FC5E00CE47F0 /* GFTabBarController.swift in Sources */,
				5A210CF923ED73E700A22BF4 /* GFAlertVC.swift in Sources */,
				5A792AEE24225D5600DC06CD /* GFUserInfoHeaderVC.swift in Sources */,
				5A792AE8241B8E5A00DC06CD /* GFEmptyStateView.swift in Sources */,
				5A210CF723ED72B000A22BF4 /* GFBodyLabel.swift in Sources */,
				5A210CF523ECAB7000A22BF4 /* GFTitleLabel.swift in Sources */,
				5A1502AA2432165900E83104 /* FavoriteCell.swift in Sources */,
				5A1502992427E45B00E83104 /* GFFollowerItemVC.swift in Sources */,
				5A210CF323EB509500A22BF4 /* FollowerListVC.swift in Sources */,
				5A210CD723EAEEA400A22BF4 /* AppDelegate.swift in Sources */,
				5A210CD923EAEEA400A22BF4 /* SceneDelegate.swift in Sources */,
				5A792AEA2421228400DC06CD /* UserInfoVC.swift in Sources */,
			);
			runOnlyForDeploymentPostprocessing = 0;
		};
/* End PBXSourcesBuildPhase section */

/* Begin PBXVariantGroup section */
		5A210CE123EAEEA700A22BF4 /* LaunchScreen.storyboard */ = {
			isa = PBXVariantGroup;
			children = (
				5A210CE223EAEEA700A22BF4 /* Base */,
			);
			name = LaunchScreen.storyboard;
			sourceTree = "<group>";
		};
/* End PBXVariantGroup section */

/* Begin XCBuildConfiguration section */
		5A210CE523EAEEA700A22BF4 /* Debug */ = {
			isa = XCBuildConfiguration;
			buildSettings = {
				ALWAYS_SEARCH_USER_PATHS = NO;
				CLANG_ANALYZER_NONNULL = YES;
				CLANG_ANALYZER_NUMBER_OBJECT_CONVERSION = YES_AGGRESSIVE;
				CLANG_CXX_LANGUAGE_STANDARD = "gnu++14";
				CLANG_CXX_LIBRARY = "libc++";
				CLANG_ENABLE_MODULES = YES;
				CLANG_ENABLE_OBJC_ARC = YES;
				CLANG_ENABLE_OBJC_WEAK = YES;
				CLANG_WARN_BLOCK_CAPTURE_AUTORELEASING = YES;
				CLANG_WARN_BOOL_CONVERSION = YES;
				CLANG_WARN_COMMA = YES;
				CLANG_WARN_CONSTANT_CONVERSION = YES;
				CLANG_WARN_DEPRECATED_OBJC_IMPLEMENTATIONS = YES;
				CLANG_WARN_DIRECT_OBJC_ISA_USAGE = YES_ERROR;
				CLANG_WARN_DOCUMENTATION_COMMENTS = YES;
				CLANG_WARN_EMPTY_BODY = YES;
				CLANG_WARN_ENUM_CONVERSION = YES;
				CLANG_WARN_INFINITE_RECURSION = YES;
				CLANG_WARN_INT_CONVERSION = YES;
				CLANG_WARN_NON_LITERAL_NULL_CONVERSION = YES;
				CLANG_WARN_OBJC_IMPLICIT_RETAIN_SELF = YES;
				CLANG_WARN_OBJC_LITERAL_CONVERSION = YES;
				CLANG_WARN_OBJC_ROOT_CLASS = YES_ERROR;
				CLANG_WARN_RANGE_LOOP_ANALYSIS = YES;
				CLANG_WARN_STRICT_PROTOTYPES = YES;
				CLANG_WARN_SUSPICIOUS_MOVE = YES;
				CLANG_WARN_UNGUARDED_AVAILABILITY = YES_AGGRESSIVE;
				CLANG_WARN_UNREACHABLE_CODE = YES;
				CLANG_WARN__DUPLICATE_METHOD_MATCH = YES;
				COPY_PHASE_STRIP = NO;
				DEBUG_INFORMATION_FORMAT = dwarf;
				ENABLE_STRICT_OBJC_MSGSEND = YES;
				ENABLE_TESTABILITY = YES;
				GCC_C_LANGUAGE_STANDARD = gnu11;
				GCC_DYNAMIC_NO_PIC = NO;
				GCC_NO_COMMON_BLOCKS = YES;
				GCC_OPTIMIZATION_LEVEL = 0;
				GCC_PREPROCESSOR_DEFINITIONS = (
					"DEBUG=1",
					"$(inherited)",
				);
				GCC_WARN_64_TO_32_BIT_CONVERSION = YES;
				GCC_WARN_ABOUT_RETURN_TYPE = YES_ERROR;
				GCC_WARN_UNDECLARED_SELECTOR = YES;
				GCC_WARN_UNINITIALIZED_AUTOS = YES_AGGRESSIVE;
				GCC_WARN_UNUSED_FUNCTION = YES;
				GCC_WARN_UNUSED_VARIABLE = YES;
				IPHONEOS_DEPLOYMENT_TARGET = 13.2;
				MTL_ENABLE_DEBUG_INFO = INCLUDE_SOURCE;
				MTL_FAST_MATH = YES;
				ONLY_ACTIVE_ARCH = YES;
				SDKROOT = iphoneos;
				SWIFT_ACTIVE_COMPILATION_CONDITIONS = DEBUG;
				SWIFT_OPTIMIZATION_LEVEL = "-Onone";
			};
			name = Debug;
		};
		5A210CE623EAEEA700A22BF4 /* Release */ = {
			isa = XCBuildConfiguration;
			buildSettings = {
				ALWAYS_SEARCH_USER_PATHS = NO;
				CLANG_ANALYZER_NONNULL = YES;
				CLANG_ANALYZER_NUMBER_OBJECT_CONVERSION = YES_AGGRESSIVE;
				CLANG_CXX_LANGUAGE_STANDARD = "gnu++14";
				CLANG_CXX_LIBRARY = "libc++";
				CLANG_ENABLE_MODULES = YES;
				CLANG_ENABLE_OBJC_ARC = YES;
				CLANG_ENABLE_OBJC_WEAK = YES;
				CLANG_WARN_BLOCK_CAPTURE_AUTORELEASING = YES;
				CLANG_WARN_BOOL_CONVERSION = YES;
				CLANG_WARN_COMMA = YES;
				CLANG_WARN_CONSTANT_CONVERSION = YES;
				CLANG_WARN_DEPRECATED_OBJC_IMPLEMENTATIONS = YES;
				CLANG_WARN_DIRECT_OBJC_ISA_USAGE = YES_ERROR;
				CLANG_WARN_DOCUMENTATION_COMMENTS = YES;
				CLANG_WARN_EMPTY_BODY = YES;
				CLANG_WARN_ENUM_CONVERSION = YES;
				CLANG_WARN_INFINITE_RECURSION = YES;
				CLANG_WARN_INT_CONVERSION = YES;
				CLANG_WARN_NON_LITERAL_NULL_CONVERSION = YES;
				CLANG_WARN_OBJC_IMPLICIT_RETAIN_SELF = YES;
				CLANG_WARN_OBJC_LITERAL_CONVERSION = YES;
				CLANG_WARN_OBJC_ROOT_CLASS = YES_ERROR;
				CLANG_WARN_RANGE_LOOP_ANALYSIS = YES;
				CLANG_WARN_STRICT_PROTOTYPES = YES;
				CLANG_WARN_SUSPICIOUS_MOVE = YES;
				CLANG_WARN_UNGUARDED_AVAILABILITY = YES_AGGRESSIVE;
				CLANG_WARN_UNREACHABLE_CODE = YES;
				CLANG_WARN__DUPLICATE_METHOD_MATCH = YES;
				COPY_PHASE_STRIP = NO;
				DEBUG_INFORMATION_FORMAT = "dwarf-with-dsym";
				ENABLE_NS_ASSERTIONS = NO;
				ENABLE_STRICT_OBJC_MSGSEND = YES;
				GCC_C_LANGUAGE_STANDARD = gnu11;
				GCC_NO_COMMON_BLOCKS = YES;
				GCC_WARN_64_TO_32_BIT_CONVERSION = YES;
				GCC_WARN_ABOUT_RETURN_TYPE = YES_ERROR;
				GCC_WARN_UNDECLARED_SELECTOR = YES;
				GCC_WARN_UNINITIALIZED_AUTOS = YES_AGGRESSIVE;
				GCC_WARN_UNUSED_FUNCTION = YES;
				GCC_WARN_UNUSED_VARIABLE = YES;
				IPHONEOS_DEPLOYMENT_TARGET = 13.2;
				MTL_ENABLE_DEBUG_INFO = NO;
				MTL_FAST_MATH = YES;
				SDKROOT = iphoneos;
				SWIFT_COMPILATION_MODE = wholemodule;
				SWIFT_OPTIMIZATION_LEVEL = "-O";
				VALIDATE_PRODUCT = YES;
			};
			name = Release;
		};
		5A210CE823EAEEA700A22BF4 /* Debug */ = {
			isa = XCBuildConfiguration;
			buildSettings = {
				ASSETCATALOG_COMPILER_APPICON_NAME = AppIcon;
				CODE_SIGN_STYLE = Automatic;
				DEVELOPMENT_TEAM = 3RTGVGP453;
				INFOPLIST_FILE = GHFollowers/Support/Info.plist;
				LD_RUNPATH_SEARCH_PATHS = (
					"$(inherited)",
					"@executable_path/Frameworks",
				);
				PRODUCT_BUNDLE_IDENTIFIER = com.jakubhomik.GHFollowers;
				PRODUCT_NAME = "$(TARGET_NAME)";
				SWIFT_VERSION = 5.0;
				TARGETED_DEVICE_FAMILY = 1;
			};
			name = Debug;
		};
		5A210CE923EAEEA700A22BF4 /* Release */ = {
			isa = XCBuildConfiguration;
			buildSettings = {
				ASSETCATALOG_COMPILER_APPICON_NAME = AppIcon;
				CODE_SIGN_STYLE = Automatic;
				DEVELOPMENT_TEAM = 3RTGVGP453;
				INFOPLIST_FILE = GHFollowers/Support/Info.plist;
				LD_RUNPATH_SEARCH_PATHS = (
					"$(inherited)",
					"@executable_path/Frameworks",
				);
				PRODUCT_BUNDLE_IDENTIFIER = com.jakubhomik.GHFollowers;
				PRODUCT_NAME = "$(TARGET_NAME)";
				SWIFT_VERSION = 5.0;
				TARGETED_DEVICE_FAMILY = 1;
			};
			name = Release;
		};
/* End XCBuildConfiguration section */

/* Begin XCConfigurationList section */
		5A210CCE23EAEEA400A22BF4 /* Build configuration list for PBXProject "GHFollowers" */ = {
			isa = XCConfigurationList;
			buildConfigurations = (
				5A210CE523EAEEA700A22BF4 /* Debug */,
				5A210CE623EAEEA700A22BF4 /* Release */,
			);
			defaultConfigurationIsVisible = 0;
			defaultConfigurationName = Release;
		};
		5A210CE723EAEEA700A22BF4 /* Build configuration list for PBXNativeTarget "GHFollowers" */ = {
			isa = XCConfigurationList;
			buildConfigurations = (
				5A210CE823EAEEA700A22BF4 /* Debug */,
				5A210CE923EAEEA700A22BF4 /* Release */,
			);
			defaultConfigurationIsVisible = 0;
			defaultConfigurationName = Release;
		};
/* End XCConfigurationList section */
	};
	rootObject = 5A210CCB23EAEEA400A22BF4 /* Project object */;
}
